dependencies:
- name: kafka
  repository: https://charts.bitnami.com/bitnami
  version: 30.0.5
- name: schema-registry
  repository: https://charts.bitnami.com/bitnami
  version: 21.0.0
- name: kafka-ui
  repository: https://provectus.github.io/kafka-ui-charts
  version: 0.7.6
- name: cp-ksql-server
  repository: file://../vendors/cp-ksql-server
  version: 0.1.0
digest: sha256:d7d6dc8907656b9fb9ad493f3723c06c0f5c49bc47833f49ca55026f0aaa771a
generated: "2024-10-08T12:42:41.637743+09:00"
